// !$*UTF8*$!
{
	archiveVersion = 1;
	classes = {
	};
	objectVersion = 46;
	objects = {

/* Begin PBXBuildFile section */
		6377C4181625BBB600A818AB /* RSSClient.m in Sources */ = {isa = PBXBuildFile; fileRef = 6377C4171625BBB600A818AB /* RSSClient.m */; };
		637DBC6A161CCBB900642893 /* UIKit.framework in Frameworks */ = {isa = PBXBuildFile; fileRef = 637DBC69161CCBB900642893 /* UIKit.framework */; };
		637DBC6C161CCBB900642893 /* Foundation.framework in Frameworks */ = {isa = PBXBuildFile; fileRef = 637DBC6B161CCBB900642893 /* Foundation.framework */; };
		637DBC6E161CCBB900642893 /* CoreGraphics.framework in Frameworks */ = {isa = PBXBuildFile; fileRef = 637DBC6D161CCBB900642893 /* CoreGraphics.framework */; };
		637DBC74161CCBB900642893 /* InfoPlist.strings in Resources */ = {isa = PBXBuildFile; fileRef = 637DBC72161CCBB900642893 /* InfoPlist.strings */; };
		637DBC76161CCBB900642893 /* main.m in Sources */ = {isa = PBXBuildFile; fileRef = 637DBC75161CCBB900642893 /* main.m */; };
		637DBC7A161CCBB900642893 /* AppDelegate.m in Sources */ = {isa = PBXBuildFile; fileRef = 637DBC79161CCBB900642893 /* AppDelegate.m */; };
		637DBC7D161CCBB900642893 /* ViewController.m in Sources */ = {isa = PBXBuildFile; fileRef = 637DBC7C161CCBB900642893 /* ViewController.m */; };
		637DBC80161CCBB900642893 /* ViewController_iPhone.xib in Resources */ = {isa = PBXBuildFile; fileRef = 637DBC7E161CCBB900642893 /* ViewController_iPhone.xib */; };
		637DBC83161CCBB900642893 /* ViewController_iPad.xib in Resources */ = {isa = PBXBuildFile; fileRef = 637DBC81161CCBB900642893 /* ViewController_iPad.xib */; };
		637DBC8C161CCBB900642893 /* RSS.m in Sources */ = {isa = PBXBuildFile; fileRef = 637DBC8B161CCBB900642893 /* RSS.m */; };
		637DBC8F161CCBB900642893 /* RSSChannel.m in Sources */ = {isa = PBXBuildFile; fileRef = 637DBC8E161CCBB900642893 /* RSSChannel.m */; };
		637DBC92161CCBB900642893 /* RSSItem.m in Sources */ = {isa = PBXBuildFile; fileRef = 637DBC91161CCBB900642893 /* RSSItem.m */; };
		6388E9D41653D809005DD2BF /* rss.xml in Resources */ = {isa = PBXBuildFile; fileRef = 6388E9D31653D809005DD2BF /* rss.xml */; };
		638E04D7163832B000ECFFC1 /* XMLParser.m in Sources */ = {isa = PBXBuildFile; fileRef = 638E04D6163832B000ECFFC1 /* XMLParser.m */; };
		84A6A2F01654264300199FE7 /* Default-568h@2x.png in Resources */ = {isa = PBXBuildFile; fileRef = 84A6A2EF1654264300199FE7 /* Default-568h@2x.png */; };
/* End PBXBuildFile section */

/* Begin PBXFileReference section */
		6377C4161625BBB500A818AB /* RSSClient.h */ = {isa = PBXFileReference; fileEncoding = 4; lastKnownFileType = sourcecode.c.h; path = RSSClient.h; sourceTree = "<group>"; };
		6377C4171625BBB600A818AB /* RSSClient.m */ = {isa = PBXFileReference; fileEncoding = 4; lastKnownFileType = sourcecode.c.objc; path = RSSClient.m; sourceTree = "<group>"; };
		637DBC65161CCBB900642893 /* Project_1.app */ = {isa = PBXFileReference; explicitFileType = wrapper.application; includeInIndex = 0; path = Project_1.app; sourceTree = BUILT_PRODUCTS_DIR; };
		637DBC69161CCBB900642893 /* UIKit.framework */ = {isa = PBXFileReference; lastKnownFileType = wrapper.framework; name = UIKit.framework; path = System/Library/Frameworks/UIKit.framework; sourceTree = SDKROOT; };
		637DBC6B161CCBB900642893 /* Foundation.framework */ = {isa = PBXFileReference; lastKnownFileType = wrapper.framework; name = Foundation.framework; path = System/Library/Frameworks/Foundation.framework; sourceTree = SDKROOT; };
		637DBC6D161CCBB900642893 /* CoreGraphics.framework */ = {isa = PBXFileReference; lastKnownFileType = wrapper.framework; name = CoreGraphics.framework; path = System/Library/Frameworks/CoreGraphics.framework; sourceTree = SDKROOT; };
		637DBC71161CCBB900642893 /* Project_1-Info.plist */ = {isa = PBXFileReference; lastKnownFileType = text.plist.xml; path = "Project_1-Info.plist"; sourceTree = "<group>"; };
		637DBC73161CCBB900642893 /* en */ = {isa = PBXFileReference; lastKnownFileType = text.plist.strings; name = en; path = en.lproj/InfoPlist.strings; sourceTree = "<group>"; };
		637DBC75161CCBB900642893 /* main.m */ = {isa = PBXFileReference; lastKnownFileType = sourcecode.c.objc; path = main.m; sourceTree = "<group>"; };
		637DBC77161CCBB900642893 /* Project_1-Prefix.pch */ = {isa = PBXFileReference; lastKnownFileType = sourcecode.c.h; path = "Project_1-Prefix.pch"; sourceTree = "<group>"; };
		637DBC78161CCBB900642893 /* AppDelegate.h */ = {isa = PBXFileReference; lastKnownFileType = sourcecode.c.h; path = AppDelegate.h; sourceTree = "<group>"; };
		637DBC79161CCBB900642893 /* AppDelegate.m */ = {isa = PBXFileReference; lastKnownFileType = sourcecode.c.objc; path = AppDelegate.m; sourceTree = "<group>"; };
		637DBC7B161CCBB900642893 /* ViewController.h */ = {isa = PBXFileReference; lastKnownFileType = sourcecode.c.h; path = ViewController.h; sourceTree = "<group>"; };
		637DBC7C161CCBB900642893 /* ViewController.m */ = {isa = PBXFileReference; lastKnownFileType = sourcecode.c.objc; path = ViewController.m; sourceTree = "<group>"; };
		637DBC7F161CCBB900642893 /* en */ = {isa = PBXFileReference; lastKnownFileType = file.xib; name = en; path = en.lproj/ViewController_iPhone.xib; sourceTree = "<group>"; };
		637DBC82161CCBB900642893 /* en */ = {isa = PBXFileReference; lastKnownFileType = file.xib; name = en; path = en.lproj/ViewController_iPad.xib; sourceTree = "<group>"; };
		637DBC8A161CCBB900642893 /* RSS.h */ = {isa = PBXFileReference; fileEncoding = 4; lastKnownFileType = sourcecode.c.h; path = RSS.h; sourceTree = "<group>"; };
		637DBC8B161CCBB900642893 /* RSS.m */ = {isa = PBXFileReference; fileEncoding = 4; lastKnownFileType = sourcecode.c.objc; path = RSS.m; sourceTree = "<group>"; };
		637DBC8D161CCBB900642893 /* RSSChannel.h */ = {isa = PBXFileReference; fileEncoding = 4; lastKnownFileType = sourcecode.c.h; path = RSSChannel.h; sourceTree = "<group>"; };
		637DBC8E161CCBB900642893 /* RSSChannel.m */ = {isa = PBXFileReference; fileEncoding = 4; lastKnownFileType = sourcecode.c.objc; path = RSSChannel.m; sourceTree = "<group>"; };
		637DBC90161CCBB900642893 /* RSSItem.h */ = {isa = PBXFileReference; fileEncoding = 4; lastKnownFileType = sourcecode.c.h; path = RSSItem.h; sourceTree = "<group>"; };
		637DBC91161CCBB900642893 /* RSSItem.m */ = {isa = PBXFileReference; fileEncoding = 4; lastKnownFileType = sourcecode.c.objc; path = RSSItem.m; sourceTree = "<group>"; };
		637EF674162F3451003E8D37 /* RSSDelegate.h */ = {isa = PBXFileReference; fileEncoding = 4; lastKnownFileType = sourcecode.c.h; path = RSSDelegate.h; sourceTree = "<group>"; };
		6388E9D31653D809005DD2BF /* rss.xml */ = {isa = PBXFileReference; fileEncoding = 4; lastKnownFileType = text.xml; path = rss.xml; sourceTree = "<group>"; };
		638E04D5163832B000ECFFC1 /* XMLParser.h */ = {isa = PBXFileReference; fileEncoding = 4; lastKnownFileType = sourcecode.c.h; path = XMLParser.h; sourceTree = "<group>"; };
		638E04D6163832B000ECFFC1 /* XMLParser.m */ = {isa = PBXFileReference; fileEncoding = 4; lastKnownFileType = sourcecode.c.objc; path = XMLParser.m; sourceTree = "<group>"; };
		84A6A2EF1654264300199FE7 /* Default-568h@2x.png */ = {isa = PBXFileReference; lastKnownFileType = image.png; path = "Default-568h@2x.png"; sourceTree = "<group>"; };
/* End PBXFileReference section */

/* Begin PBXFrameworksBuildPhase section */
		637DBC62161CCBB900642893 /* Frameworks */ = {
			isa = PBXFrameworksBuildPhase;
			buildActionMask = 2147483647;
			files = (
				637DBC6A161CCBB900642893 /* UIKit.framework in Frameworks */,
				637DBC6C161CCBB900642893 /* Foundation.framework in Frameworks */,
				637DBC6E161CCBB900642893 /* CoreGraphics.framework in Frameworks */,
			);
			runOnlyForDeploymentPostprocessing = 0;
		};
/* End PBXFrameworksBuildPhase section */

/* Begin PBXGroup section */
		637DBC5A161CCBB900642893 = {
			isa = PBXGroup;
			children = (
				84A6A2EF1654264300199FE7 /* Default-568h@2x.png */,
				637DBC6F161CCBB900642893 /* Project_1 */,
				637DBC68161CCBB900642893 /* Frameworks */,
				637DBC66161CCBB900642893 /* Products */,
			);
			sourceTree = "<group>";
		};
		637DBC66161CCBB900642893 /* Products */ = {
			isa = PBXGroup;
			children = (
				637DBC65161CCBB900642893 /* Project_1.app */,
			);
			name = Products;
			sourceTree = "<group>";
		};
		637DBC68161CCBB900642893 /* Frameworks */ = {
			isa = PBXGroup;
			children = (
				637DBC69161CCBB900642893 /* UIKit.framework */,
				637DBC6B161CCBB900642893 /* Foundation.framework */,
				637DBC6D161CCBB900642893 /* CoreGraphics.framework */,
			);
			name = Frameworks;
			sourceTree = "<group>";
		};
		637DBC6F161CCBB900642893 /* Project_1 */ = {
			isa = PBXGroup;
			children = (
				637DBC89161CCBB900642893 /* Model */,
				637DBC78161CCBB900642893 /* AppDelegate.h */,
				637DBC79161CCBB900642893 /* AppDelegate.m */,
				637DBC7B161CCBB900642893 /* ViewController.h */,
				637DBC7C161CCBB900642893 /* ViewController.m */,
				637DBC7E161CCBB900642893 /* ViewController_iPhone.xib */,
				637DBC81161CCBB900642893 /* ViewController_iPad.xib */,
				637DBC70161CCBB900642893 /* Supporting Files */,
			);
			path = Project_1;
			sourceTree = "<group>";
		};
		637DBC70161CCBB900642893 /* Supporting Files */ = {
			isa = PBXGroup;
			children = (
				637DBC71161CCBB900642893 /* Project_1-Info.plist */,
				637DBC72161CCBB900642893 /* InfoPlist.strings */,
				637DBC75161CCBB900642893 /* main.m */,
				637DBC77161CCBB900642893 /* Project_1-Prefix.pch */,
			);
			name = "Supporting Files";
			sourceTree = "<group>";
		};
		637DBC89161CCBB900642893 /* Model */ = {
			isa = PBXGroup;
			children = (
				637DBC8A161CCBB900642893 /* RSS.h */,
				637DBC8B161CCBB900642893 /* RSS.m */,
				637DBC8D161CCBB900642893 /* RSSChannel.h */,
				637DBC8E161CCBB900642893 /* RSSChannel.m */,
				637DBC90161CCBB900642893 /* RSSItem.h */,
				637DBC91161CCBB900642893 /* RSSItem.m */,
				6377C4161625BBB500A818AB /* RSSClient.h */,
				6377C4171625BBB600A818AB /* RSSClient.m */,
				637EF674162F3451003E8D37 /* RSSDelegate.h */,
				638E04D5163832B000ECFFC1 /* XMLParser.h */,
				638E04D6163832B000ECFFC1 /* XMLParser.m */,
				6388E9D31653D809005DD2BF /* rss.xml */,
			);
			name = Model;
			sourceTree = "<group>";
		};
/* End PBXGroup section */

/* Begin PBXNativeTarget section */
		637DBC64161CCBB900642893 /* Project_1 */ = {
			isa = PBXNativeTarget;
			buildConfigurationList = 637DBC86161CCBB900642893 /* Build configuration list for PBXNativeTarget "Project_1" */;
			buildPhases = (
				637DBC61161CCBB900642893 /* Sources */,
				637DBC62161CCBB900642893 /* Frameworks */,
				637DBC63161CCBB900642893 /* Resources */,
			);
			buildRules = (
			);
			dependencies = (
			);
			name = Project_1;
			productName = Project_1;
			productReference = 637DBC65161CCBB900642893 /* Project_1.app */;
			productType = "com.apple.product-type.application";
		};
/* End PBXNativeTarget section */

/* Begin PBXProject section */
		637DBC5C161CCBB900642893 /* Project object */ = {
			isa = PBXProject;
			attributes = {
				LastUpgradeCheck = 0420;
			};
			buildConfigurationList = 637DBC5F161CCBB900642893 /* Build configuration list for PBXProject "Project_1" */;
			compatibilityVersion = "Xcode 3.2";
			developmentRegion = English;
			hasScannedForEncodings = 0;
			knownRegions = (
				en,
			);
			mainGroup = 637DBC5A161CCBB900642893;
			productRefGroup = 637DBC66161CCBB900642893 /* Products */;
			projectDirPath = "";
			projectRoot = "";
			targets = (
				637DBC64161CCBB900642893 /* Project_1 */,
			);
		};
/* End PBXProject section */

/* Begin PBXResourcesBuildPhase section */
		637DBC63161CCBB900642893 /* Resources */ = {
			isa = PBXResourcesBuildPhase;
			buildActionMask = 2147483647;
			files = (
				637DBC74161CCBB900642893 /* InfoPlist.strings in Resources */,
				637DBC80161CCBB900642893 /* ViewController_iPhone.xib in Resources */,
				637DBC83161CCBB900642893 /* ViewController_iPad.xib in Resources */,
				6388E9D41653D809005DD2BF /* rss.xml in Resources */,
				84A6A2F01654264300199FE7 /* Default-568h@2x.png in Resources */,
			);
			runOnlyForDeploymentPostprocessing = 0;
		};
/* End PBXResourcesBuildPhase section */

/* Begin PBXSourcesBuildPhase section */
		637DBC61161CCBB900642893 /* Sources */ = {
			isa = PBXSourcesBuildPhase;
			buildActionMask = 2147483647;
			files = (
				637DBC76161CCBB900642893 /* main.m in Sources */,
				637DBC7A161CCBB900642893 /* AppDelegate.m in Sources */,
				637DBC7D161CCBB900642893 /* ViewController.m in Sources */,
				637DBC8C161CCBB900642893 /* RSS.m in Sources */,
				637DBC8F161CCBB900642893 /* RSSChannel.m in Sources */,
				637DBC92161CCBB900642893 /* RSSItem.m in Sources */,
				6377C4181625BBB600A818AB /* RSSClient.m in Sources */,
				638E04D7163832B000ECFFC1 /* XMLParser.m in Sources */,
			);
			runOnlyForDeploymentPostprocessing = 0;
		};
/* End PBXSourcesBuildPhase section */

/* Begin PBXVariantGroup section */
		637DBC72161CCBB900642893 /* InfoPlist.strings */ = {
			isa = PBXVariantGroup;
			children = (
				637DBC73161CCBB900642893 /* en */,
			);
			name = InfoPlist.strings;
			sourceTree = "<group>";
		};
		637DBC7E161CCBB900642893 /* ViewController_iPhone.xib */ = {
			isa = PBXVariantGroup;
			children = (
				637DBC7F161CCBB900642893 /* en */,
			);
			name = ViewController_iPhone.xib;
			sourceTree = "<group>";
		};
		637DBC81161CCBB900642893 /* ViewController_iPad.xib */ = {
			isa = PBXVariantGroup;
			children = (
				637DBC82161CCBB900642893 /* en */,
			);
			name = ViewController_iPad.xib;
			sourceTree = "<group>";
		};
/* End PBXVariantGroup section */

/* Begin XCBuildConfiguration section */
		637DBC84161CCBB900642893 /* Debug */ = {
			isa = XCBuildConfiguration;
			buildSettings = {
				ALWAYS_SEARCH_USER_PATHS = NO;
				ARCHS = "$(ARCHS_STANDARD_32_BIT)";
				"CODE_SIGN_IDENTITY[sdk=iphoneos*]" = "iPhone Developer";
				COPY_PHASE_STRIP = NO;
				GCC_C_LANGUAGE_STANDARD = gnu99;
				GCC_DYNAMIC_NO_PIC = NO;
				GCC_OPTIMIZATION_LEVEL = 0;
				GCC_PREPROCESSOR_DEFINITIONS = (
					"DEBUG=1",
					"$(inherited)",
				);
				GCC_SYMBOLS_PRIVATE_EXTERN = NO;
				GCC_VERSION = com.apple.compilers.llvm.clang.1_0;
				GCC_WARN_ABOUT_MISSING_PROTOTYPES = YES;
				GCC_WARN_ABOUT_RETURN_TYPE = YES;
				GCC_WARN_UNUSED_VARIABLE = YES;
				IPHONEOS_DEPLOYMENT_TARGET = 5.0;
				SDKROOT = iphoneos;
				TARGETED_DEVICE_FAMILY = "1,2";
			};
			name = Debug;
		};
		637DBC85161CCBB900642893 /* Release */ = {
			isa = XCBuildConfiguration;
			buildSettings = {
				ALWAYS_SEARCH_USER_PATHS = NO;
				ARCHS = "$(ARCHS_STANDARD_32_BIT)";
				"CODE_SIGN_IDENTITY[sdk=iphoneos*]" = "iPhone Developer";
				COPY_PHASE_STRIP = YES;
				GCC_C_LANGUAGE_STANDARD = gnu99;
				GCC_VERSION = com.apple.compilers.llvm.clang.1_0;
				GCC_WARN_ABOUT_MISSING_PROTOTYPES = YES;
				GCC_WARN_ABOUT_RETURN_TYPE = YES;
				GCC_WARN_UNUSED_VARIABLE = YES;
				IPHONEOS_DEPLOYMENT_TARGET = 5.0;
				OTHER_CFLAGS = "-DNS_BLOCK_ASSERTIONS=1";
				SDKROOT = iphoneos;
				TARGETED_DEVICE_FAMILY = "1,2";
				VALIDATE_PRODUCT = YES;
			};
			name = Release;
		};
		637DBC87161CCBB900642893 /* Debug */ = {
			isa = XCBuildConfiguration;
			buildSettings = {
				GCC_PRECOMPILE_PREFIX_HEADER = YES;
				GCC_PREFIX_HEADER = "Project_1/Project_1-Prefix.pch";
				INFOPLIST_FILE = "Project_1/Project_1-Info.plist";
				PRODUCT_NAME = "$(TARGET_NAME)";
				WRAPPER_EXTENSION = app;
			};
			name = Debug;
		};
		637DBC88161CCBB900642893 /* Release */ = {
			isa = XCBuildConfiguration;
			buildSettings = {
				GCC_PRECOMPILE_PREFIX_HEADER = YES;
				GCC_PREFIX_HEADER = "Project_1/Project_1-Prefix.pch";
				INFOPLIST_FILE = "Project_1/Project_1-Info.plist";
				PRODUCT_NAME = "$(TARGET_NAME)";
				WRAPPER_EXTENSION = app;
			};
			name = Release;
		};
/* End XCBuildConfiguration section */

/* Begin XCConfigurationList section */
		637DBC5F161CCBB900642893 /* Build configuration list for PBXProject "Project_1" */ = {
			isa = XCConfigurationList;
			buildConfigurations = (
				637DBC84161CCBB900642893 /* Debug */,
				637DBC85161CCBB900642893 /* Release */,
			);
			defaultConfigurationIsVisible = 0;
			defaultConfigurationName = Release;
		};
		637DBC86161CCBB900642893 /* Build configuration list for PBXNativeTarget "Project_1" */ = {
			isa = XCConfigurationList;
			buildConfigurations = (
				637DBC87161CCBB900642893 /* Debug */,
				637DBC88161CCBB900642893 /* Release */,
			);
			defaultConfigurationIsVisible = 0;
			defaultConfigurationName = Release;
		};
/* End XCConfigurationList section */
	};
	rootObject = 637DBC5C161CCBB900642893 /* Project object */;
}
